
Microsoft Visual Studio Solution File, Format Version 12.00
# Visual Studio Version 17
VisualStudioVersion = 17.6.33723.286
MinimumVisualStudioVersion = 10.0.40219.1
Project("{9A19103F-16F7-4668-BE54-9A1E7A4F7556}") = "Everydayning", "Everydayning\Everydayning.csproj", "{C97CE75D-E4DD-4B1C-9510-05F785346C01}"
EndProject
Project("{9A19103F-16F7-4668-BE54-9A1E7A4F7556}") = "function", "function\function.csproj", "{672168F9-AC8D-4C4F-9C60-A62368765037}"
EndProject
Project("{FAE04EC0-301F-11D3-BF4B-00C04F79EFBC}") = "themes", "themes\themes.csproj", "{84C49A0A-14EE-41D3-80FF-515093A556AA}"
EndProject
Project("{FAE04EC0-301F-11D3-BF4B-00C04F79EFBC}") = "language", "language\language.csproj", "{4301C84F-2B82-475A-B6AC-55ED666A2088}"
EndProject
Global
	GlobalSection(SolutionConfigurationPlatforms) = preSolution
		Debug|Any CPU = Debug|Any CPU
		Release|Any CPU = Release|Any CPU
	EndGlobalSection
	GlobalSection(ProjectConfigurationPlatforms) = postSolution
		{C97CE75D-E4DD-4B1C-9510-05F785346C01}.Debug|Any CPU.ActiveCfg = Debug|Any CPU
		{C97CE75D-E4DD-4B1C-9510-05F785346C01}.Debug|Any CPU.Build.0 = Debug|Any CPU
		{C97CE75D-E4DD-4B1C-9510-05F785346C01}.Release|Any CPU.ActiveCfg = Release|Any CPU
		{C97CE75D-E4DD-4B1C-9510-05F785346C01}.Release|Any CPU.Build.0 = Release|Any CPU
		{672168F9-AC8D-4C4F-9C60-A62368765037}.Debug|Any CPU.ActiveCfg = Debug|Any CPU
		{672168F9-AC8D-4C4F-9C60-A62368765037}.Debug|Any CPU.Build.0 = Debug|Any CPU
		{672168F9-AC8D-4C4F-9C60-A62368765037}.Release|Any CPU.ActiveCfg = Release|Any CPU
		{672168F9-AC8D-4C4F-9C60-A62368765037}.Release|Any CPU.Build.0 = Release|Any CPU
		{84C49A0A-14EE-41D3-80FF-515093A556AA}.Debug|Any CPU.ActiveCfg = Debug|Any CPU
		{84C49A0A-14EE-41D3-80FF-515093A556AA}.Debug|Any CPU.Build.0 = Debug|Any CPU
		{84C49A0A-14EE-41D3-80FF-515093A556AA}.Release|Any CPU.ActiveCfg = Release|Any CPU
		{84C49A0A-14EE-41D3-80FF-515093A556AA}.Release|Any CPU.Build.0 = Release|Any CPU
		{4301C84F-2B82-475A-B6AC-55ED666A2088}.Debug|Any CPU.ActiveCfg = Debug|Any CPU
		{4301C84F-2B82-475A-B6AC-55ED666A2088}.Debug|Any CPU.Build.0 = Debug|Any CPU
		{4301C84F-2B82-475A-B6AC-55ED666A2088}.Release|Any CPU.ActiveCfg = Release|Any CPU
		{4301C84F-2B82-475A-B6AC-55ED666A2088}.Release|Any CPU.Build.0 = Release|Any CPU
	EndGlobalSection
	GlobalSection(SolutionProperties) = preSolution
		HideSolutionNode = FALSE
	EndGlobalSection
	GlobalSection(ExtensibilityGlobals) = postSolution
		SolutionGuid = {BE52B678-F6B8-4A2A-9711-0E42D88CFF4B}
	EndGlobalSection
EndGlobal
