
Microsoft Visual Studio Solution File, Format Version 12.00
# Visual Studio Version 17
VisualStudioVersion = 17.6.33815.320
MinimumVisualStudioVersion = 10.0.40219.1
Project("{FAE04EC0-301F-11D3-BF4B-00C04F79EFBC}") = "MVVM_7", "MVVM_7\MVVM_7.csproj", "{64BE506A-82F1-44C9-9789-4B38EE08B7C6}"
EndProject
Global
	GlobalSection(SolutionConfigurationPlatforms) = preSolution
		Debug|Any CPU = Debug|Any CPU
		Release|Any CPU = Release|Any CPU
	EndGlobalSection
	GlobalSection(ProjectConfigurationPlatforms) = postSolution
		{64BE506A-82F1-44C9-9789-4B38EE08B7C6}.Debug|Any CPU.ActiveCfg = Debug|Any CPU
		{64BE506A-82F1-44C9-9789-4B38EE08B7C6}.Debug|Any CPU.Build.0 = Debug|Any CPU
		{64BE506A-82F1-44C9-9789-4B38EE08B7C6}.Release|Any CPU.ActiveCfg = Release|Any CPU
		{64BE506A-82F1-44C9-9789-4B38EE08B7C6}.Release|Any CPU.Build.0 = Release|Any CPU
	EndGlobalSection
	GlobalSection(SolutionProperties) = preSolution
		HideSolutionNode = FALSE
	EndGlobalSection
	GlobalSection(ExtensibilityGlobals) = postSolution
		SolutionGuid = {E4F1301E-C852-4B7A-8948-7366EB380A60}
	EndGlobalSection
EndGlobal
